
Microsoft Visual Studio Solution File, Format Version 12.00
# Visual Studio Version 17
VisualStudioVersion = 17.11.35431.28
MinimumVisualStudioVersion = 10.0.40219.1
Project("{9A19103F-16F7-4668-BE54-9A1E7A4F7556}") = "CryptoPriceAIAssistance", "CryptoPriceAIAssistance.csproj", "{FED8626A-8169-4047-AC91-4CBADF787E9B}"
EndProject
Project("{9A19103F-16F7-4668-BE54-9A1E7A4F7556}") = "Tests", "Tests\Tests.csproj", "{C9F243C6-8D7C-4FAE-9C47-DA7AA38EBF2C}"
EndProject
Global
	GlobalSection(SolutionConfigurationPlatforms) = preSolution
		Debug|Any CPU = Debug|Any CPU
		Release|Any CPU = Release|Any CPU
	EndGlobalSection
	GlobalSection(ProjectConfigurationPlatforms) = postSolution
		{FED8626A-8169-4047-AC91-4CBADF787E9B}.Debug|Any CPU.ActiveCfg = Debug|Any CPU
		{FED8626A-8169-4047-AC91-4CBADF787E9B}.Debug|Any CPU.Build.0 = Debug|Any CPU
		{FED8626A-8169-4047-AC91-4CBADF787E9B}.Release|Any CPU.ActiveCfg = Release|Any CPU
		{FED8626A-8169-4047-AC91-4CBADF787E9B}.Release|Any CPU.Build.0 = Release|Any CPU
		{C9F243C6-8D7C-4FAE-9C47-DA7AA38EBF2C}.Debug|Any CPU.ActiveCfg = Debug|Any CPU
		{C9F243C6-8D7C-4FAE-9C47-DA7AA38EBF2C}.Debug|Any CPU.Build.0 = Debug|Any CPU
		{C9F243C6-8D7C-4FAE-9C47-DA7AA38EBF2C}.Release|Any CPU.ActiveCfg = Release|Any CPU
		{C9F243C6-8D7C-4FAE-9C47-DA7AA38EBF2C}.Release|Any CPU.Build.0 = Release|Any CPU
	EndGlobalSection
	GlobalSection(SolutionProperties) = preSolution
		HideSolutionNode = FALSE
	EndGlobalSection
	GlobalSection(ExtensibilityGlobals) = postSolution
		SolutionGuid = {3A534757-3BB1-471E-96B3-6362203EDFA6}
	EndGlobalSection
EndGlobal
